
Microsoft Visual Studio Solution File, Format Version 12.00
# Visual Studio 15
VisualStudioVersion = 15.0.28307.489
MinimumVisualStudioVersion = 10.0.40219.1
Project("{FAE04EC0-301F-11D3-BF4B-00C04F79EFBC}") = "AGEVoting", "AGEVoting\AGEVoting.csproj", "{2CB04737-A569-471E-A71B-121CCC734E2E}"
EndProject
Global
	GlobalSection(SolutionConfigurationPlatforms) = preSolution
		Debug|Any CPU = Debug|Any CPU
		Release|Any CPU = Release|Any CPU
	EndGlobalSection
	GlobalSection(ProjectConfigurationPlatforms) = postSolution
		{2CB04737-A569-471E-A71B-121CCC734E2E}.Debug|Any CPU.ActiveCfg = Debug|Any CPU
		{2CB04737-A569-471E-A71B-121CCC734E2E}.Debug|Any CPU.Build.0 = Debug|Any CPU
		{2CB04737-A569-471E-A71B-121CCC734E2E}.Release|Any CPU.ActiveCfg = Release|Any CPU
		{2CB04737-A569-471E-A71B-121CCC734E2E}.Release|Any CPU.Build.0 = Release|Any CPU
	EndGlobalSection
	GlobalSection(SolutionProperties) = preSolution
		HideSolutionNode = FALSE
	EndGlobalSection
	GlobalSection(ExtensibilityGlobals) = postSolution
		SolutionGuid = {8C26B6AA-1317-4AA9-B14B-2AF2674553B1}
	EndGlobalSection
EndGlobal
